PODS:
  - Charts (4.0.2):
    - Charts/Core (= 4.0.2)
  - Charts/Core (4.0.2):
    - SwiftAlgorithms (~> 1.0)
  - Kingfisher (7.2.1)
  - SnapKit (5.6.0)
  - SwiftAlgorithms (1.0.0)

DEPENDENCIES:
  - Charts
  - Kingfisher (~> 7.0)
  - SnapKit (~> 5.6.0)

SPEC REPOS:
  trunk:
    - Charts
    - Kingfisher
    - SnapKit
    - SwiftAlgorithms

SPEC CHECKSUMS:
  Charts: cfa4e911e6dc289582c2fe011a0e87c03d96727f
  Kingfisher: 7c084bebf7d548c623ad41bcf765fb200efed369
  SnapKit: e01d52ebb8ddbc333eefe2132acf85c8227d9c25
  SwiftAlgorithms: 38dda4731d19027fdeee1125f973111bf3386b53

PODFILE CHECKSUM: d55ddf4ddebdf21a2b59faa08449d47209e2e381

COCOAPODS: 1.11.3
